
Microsoft Visual Studio Solution File, Format Version 12.00
# Visual Studio Version 16
VisualStudioVersion = 16.0.30717.126
MinimumVisualStudioVersion = 10.0.40219.1
Project("{9A19103F-16F7-4668-BE54-9A1E7A4F7556}") = "FirstProject", "FirstProject\FirstProject.csproj", "{909A4C76-161D-4B6B-8C17-B3AF51EF5635}"
EndProject
Project("{FAE04EC0-301F-11D3-BF4B-00C04F79EFBC}") = "ClassLibrary1", "ClassLibrary1\ClassLibrary1.csproj", "{1178D80E-822B-4E83-B843-6395FE3BFB78}"
EndProject
Global
	GlobalSection(SolutionConfigurationPlatforms) = preSolution
		Debug|Any CPU = Debug|Any CPU
		Release|Any CPU = Release|Any CPU
	EndGlobalSection
	GlobalSection(ProjectConfigurationPlatforms) = postSolution
		{909A4C76-161D-4B6B-8C17-B3AF51EF5635}.Debug|Any CPU.ActiveCfg = Debug|Any CPU
		{909A4C76-161D-4B6B-8C17-B3AF51EF5635}.Debug|Any CPU.Build.0 = Debug|Any CPU
		{909A4C76-161D-4B6B-8C17-B3AF51EF5635}.Release|Any CPU.ActiveCfg = Release|Any CPU
		{909A4C76-161D-4B6B-8C17-B3AF51EF5635}.Release|Any CPU.Build.0 = Release|Any CPU
		{1178D80E-822B-4E83-B843-6395FE3BFB78}.Debug|Any CPU.ActiveCfg = Debug|Any CPU
		{1178D80E-822B-4E83-B843-6395FE3BFB78}.Debug|Any CPU.Build.0 = Debug|Any CPU
		{1178D80E-822B-4E83-B843-6395FE3BFB78}.Release|Any CPU.ActiveCfg = Release|Any CPU
		{1178D80E-822B-4E83-B843-6395FE3BFB78}.Release|Any CPU.Build.0 = Release|Any CPU
	EndGlobalSection
	GlobalSection(SolutionProperties) = preSolution
		HideSolutionNode = FALSE
	EndGlobalSection
	GlobalSection(ExtensibilityGlobals) = postSolution
		SolutionGuid = {C74100F5-1259-4162-8209-B01029F05E35}
	EndGlobalSection
EndGlobal
