
Microsoft Visual Studio Solution File, Format Version 12.00
# Visual Studio Version 16
VisualStudioVersion = 16.0.30717.126
MinimumVisualStudioVersion = 10.0.40219.1
Project("{FAE04EC0-301F-11D3-BF4B-00C04F79EFBC}") = "RandomNumberDemo", "RandomNumberDemo\RandomNumberDemo.csproj", "{CAB25C8D-D28A-4465-B183-ACB6F2F893E3}"
EndProject
Global
	GlobalSection(SolutionConfigurationPlatforms) = preSolution
		Debug|Any CPU = Debug|Any CPU
		Release|Any CPU = Release|Any CPU
	EndGlobalSection
	GlobalSection(ProjectConfigurationPlatforms) = postSolution
		{CAB25C8D-D28A-4465-B183-ACB6F2F893E3}.Debug|Any CPU.ActiveCfg = Debug|Any CPU
		{CAB25C8D-D28A-4465-B183-ACB6F2F893E3}.Debug|Any CPU.Build.0 = Debug|Any CPU
		{CAB25C8D-D28A-4465-B183-ACB6F2F893E3}.Release|Any CPU.ActiveCfg = Release|Any CPU
		{CAB25C8D-D28A-4465-B183-ACB6F2F893E3}.Release|Any CPU.Build.0 = Release|Any CPU
	EndGlobalSection
	GlobalSection(SolutionProperties) = preSolution
		HideSolutionNode = FALSE
	EndGlobalSection
	GlobalSection(ExtensibilityGlobals) = postSolution
		SolutionGuid = {7ADC8037-EAE7-4A64-90B7-A288308352C5}
	EndGlobalSection
EndGlobal
