
Microsoft Visual Studio Solution File, Format Version 12.00
# Visual Studio Version 16
VisualStudioVersion = 16.0.31025.194
MinimumVisualStudioVersion = 10.0.40219.1
Project("{FAE04EC0-301F-11D3-BF4B-00C04F79EFBC}") = "Entity FrameWork_CodeFirstDemo", "Entity FrameWork_CodeFirstDemo\Entity FrameWork_CodeFirstDemo.csproj", "{57D713FF-9E82-4F29-A22C-592E996CC235}"
EndProject
Global
	GlobalSection(SolutionConfigurationPlatforms) = preSolution
		Debug|Any CPU = Debug|Any CPU
		Release|Any CPU = Release|Any CPU
	EndGlobalSection
	GlobalSection(ProjectConfigurationPlatforms) = postSolution
		{57D713FF-9E82-4F29-A22C-592E996CC235}.Debug|Any CPU.ActiveCfg = Debug|Any CPU
		{57D713FF-9E82-4F29-A22C-592E996CC235}.Debug|Any CPU.Build.0 = Debug|Any CPU
		{57D713FF-9E82-4F29-A22C-592E996CC235}.Release|Any CPU.ActiveCfg = Release|Any CPU
		{57D713FF-9E82-4F29-A22C-592E996CC235}.Release|Any CPU.Build.0 = Release|Any CPU
	EndGlobalSection
	GlobalSection(SolutionProperties) = preSolution
		HideSolutionNode = FALSE
	EndGlobalSection
	GlobalSection(ExtensibilityGlobals) = postSolution
		SolutionGuid = {E6B5691C-DA98-49C6-80A1-AA6C8FDE3CAE}
	EndGlobalSection
EndGlobal
