
Microsoft Visual Studio Solution File, Format Version 12.00
# Visual Studio Version 16
VisualStudioVersion = 16.0.30717.126
MinimumVisualStudioVersion = 10.0.40219.1
Project("{FAE04EC0-301F-11D3-BF4B-00C04F79EFBC}") = "testing", "testing\testing.csproj", "{CFF6F0F9-E697-49C9-8C2C-DC67A8A8B454}"
EndProject
Global
	GlobalSection(SolutionConfigurationPlatforms) = preSolution
		Debug|Any CPU = Debug|Any CPU
		Release|Any CPU = Release|Any CPU
	EndGlobalSection
	GlobalSection(ProjectConfigurationPlatforms) = postSolution
		{CFF6F0F9-E697-49C9-8C2C-DC67A8A8B454}.Debug|Any CPU.ActiveCfg = Debug|Any CPU
		{CFF6F0F9-E697-49C9-8C2C-DC67A8A8B454}.Debug|Any CPU.Build.0 = Debug|Any CPU
		{CFF6F0F9-E697-49C9-8C2C-DC67A8A8B454}.Release|Any CPU.ActiveCfg = Release|Any CPU
		{CFF6F0F9-E697-49C9-8C2C-DC67A8A8B454}.Release|Any CPU.Build.0 = Release|Any CPU
	EndGlobalSection
	GlobalSection(SolutionProperties) = preSolution
		HideSolutionNode = FALSE
	EndGlobalSection
	GlobalSection(ExtensibilityGlobals) = postSolution
		SolutionGuid = {4C4D1ED4-1343-49EA-BA55-EB160CF4ED54}
	EndGlobalSection
EndGlobal
