
Microsoft Visual Studio Solution File, Format Version 12.00
# Visual Studio Version 16
VisualStudioVersion = 16.0.31025.194
MinimumVisualStudioVersion = 10.0.40219.1
Project("{FAE04EC0-301F-11D3-BF4B-00C04F79EFBC}") = "permission", "permission\permission.csproj", "{72A28AC2-9D6D-4359-9EBF-163DEE89199F}"
EndProject
Global
	GlobalSection(SolutionConfigurationPlatforms) = preSolution
		Debug|Any CPU = Debug|Any CPU
		Release|Any CPU = Release|Any CPU
	EndGlobalSection
	GlobalSection(ProjectConfigurationPlatforms) = postSolution
		{72A28AC2-9D6D-4359-9EBF-163DEE89199F}.Debug|Any CPU.ActiveCfg = Debug|Any CPU
		{72A28AC2-9D6D-4359-9EBF-163DEE89199F}.Debug|Any CPU.Build.0 = Debug|Any CPU
		{72A28AC2-9D6D-4359-9EBF-163DEE89199F}.Release|Any CPU.ActiveCfg = Release|Any CPU
		{72A28AC2-9D6D-4359-9EBF-163DEE89199F}.Release|Any CPU.Build.0 = Release|Any CPU
	EndGlobalSection
	GlobalSection(SolutionProperties) = preSolution
		HideSolutionNode = FALSE
	EndGlobalSection
	GlobalSection(ExtensibilityGlobals) = postSolution
		SolutionGuid = {CC207FA1-B415-4E37-9FDB-778FF47A6AAA}
	EndGlobalSection
EndGlobal
