
Microsoft Visual Studio Solution File, Format Version 12.00
# Visual Studio Version 16
VisualStudioVersion = 16.0.30717.126
MinimumVisualStudioVersion = 10.0.40219.1
Project("{FAE04EC0-301F-11D3-BF4B-00C04F79EFBC}") = "RandomKeyIV", "RandomKeyIV\RandomKeyIV.csproj", "{31AFBA18-E943-4441-8AF0-2687F8B9CF5C}"
EndProject
Global
	GlobalSection(SolutionConfigurationPlatforms) = preSolution
		Debug|Any CPU = Debug|Any CPU
		Release|Any CPU = Release|Any CPU
	EndGlobalSection
	GlobalSection(ProjectConfigurationPlatforms) = postSolution
		{31AFBA18-E943-4441-8AF0-2687F8B9CF5C}.Debug|Any CPU.ActiveCfg = Debug|Any CPU
		{31AFBA18-E943-4441-8AF0-2687F8B9CF5C}.Debug|Any CPU.Build.0 = Debug|Any CPU
		{31AFBA18-E943-4441-8AF0-2687F8B9CF5C}.Release|Any CPU.ActiveCfg = Release|Any CPU
		{31AFBA18-E943-4441-8AF0-2687F8B9CF5C}.Release|Any CPU.Build.0 = Release|Any CPU
	EndGlobalSection
	GlobalSection(SolutionProperties) = preSolution
		HideSolutionNode = FALSE
	EndGlobalSection
	GlobalSection(ExtensibilityGlobals) = postSolution
		SolutionGuid = {550DB703-B276-44D0-953A-29200AE9F128}
	EndGlobalSection
EndGlobal
