
Microsoft Visual Studio Solution File, Format Version 12.00
# Visual Studio Version 16
VisualStudioVersion = 16.0.30907.101
MinimumVisualStudioVersion = 10.0.40219.1
Project("{FAE04EC0-301F-11D3-BF4B-00C04F79EFBC}") = "ObjectFactory_ActivatorUtilitiesCreateFactory", "ObjectFactory_ActivatorUtilitiesCreateFactory\ObjectFactory_ActivatorUtilitiesCreateFactory.csproj", "{F2807EF7-24E3-4EC0-A88C-92B025120DA4}"
EndProject
Global
	GlobalSection(SolutionConfigurationPlatforms) = preSolution
		Debug|Any CPU = Debug|Any CPU
		Release|Any CPU = Release|Any CPU
	EndGlobalSection
	GlobalSection(ProjectConfigurationPlatforms) = postSolution
		{F2807EF7-24E3-4EC0-A88C-92B025120DA4}.Debug|Any CPU.ActiveCfg = Debug|Any CPU
		{F2807EF7-24E3-4EC0-A88C-92B025120DA4}.Debug|Any CPU.Build.0 = Debug|Any CPU
		{F2807EF7-24E3-4EC0-A88C-92B025120DA4}.Release|Any CPU.ActiveCfg = Release|Any CPU
		{F2807EF7-24E3-4EC0-A88C-92B025120DA4}.Release|Any CPU.Build.0 = Release|Any CPU
	EndGlobalSection
	GlobalSection(SolutionProperties) = preSolution
		HideSolutionNode = FALSE
	EndGlobalSection
	GlobalSection(ExtensibilityGlobals) = postSolution
		SolutionGuid = {64AFA879-0156-44EA-AFD1-D6B2B848BC3B}
	EndGlobalSection
EndGlobal
