
Microsoft Visual Studio Solution File, Format Version 12.00
# Visual Studio Version 16
VisualStudioVersion = 16.0.30717.126
MinimumVisualStudioVersion = 10.0.40219.1
Project("{FAE04EC0-301F-11D3-BF4B-00C04F79EFBC}") = "blackBoard", "blackBoard\blackBoard.csproj", "{7E671FB8-0418-4BFE-877A-E16397144DCC}"
EndProject
Global
	GlobalSection(SolutionConfigurationPlatforms) = preSolution
		Debug|Any CPU = Debug|Any CPU
		Release|Any CPU = Release|Any CPU
	EndGlobalSection
	GlobalSection(ProjectConfigurationPlatforms) = postSolution
		{7E671FB8-0418-4BFE-877A-E16397144DCC}.Debug|Any CPU.ActiveCfg = Debug|Any CPU
		{7E671FB8-0418-4BFE-877A-E16397144DCC}.Debug|Any CPU.Build.0 = Debug|Any CPU
		{7E671FB8-0418-4BFE-877A-E16397144DCC}.Release|Any CPU.ActiveCfg = Release|Any CPU
		{7E671FB8-0418-4BFE-877A-E16397144DCC}.Release|Any CPU.Build.0 = Release|Any CPU
	EndGlobalSection
	GlobalSection(SolutionProperties) = preSolution
		HideSolutionNode = FALSE
	EndGlobalSection
	GlobalSection(ExtensibilityGlobals) = postSolution
		SolutionGuid = {0323C287-1FBA-4571-A9FF-51EB8C0FA346}
	EndGlobalSection
EndGlobal
